// !$*UTF8*$!
{
	archiveVersion = 1;
	classes = {
	};
	objectVersion = 56;
	objects = {

/* Begin PBXBuildFile section */
		100000000000000000000101 /* PlayHubApp.swift in Sources */ = {isa = PBXBuildFile; fileRef = 100000000000000000000001 /* PlayHubApp.swift */; };
		100000000000000000000102 /* RootTabView.swift in Sources */ = {isa = PBXBuildFile; fileRef = 100000000000000000000002 /* RootTabView.swift */; };
		100000000000000000000103 /* GameMode.swift in Sources */ = {isa = PBXBuildFile; fileRef = 100000000000000000000003 /* GameMode.swift */; };
		100000000000000000000104 /* GameSession.swift in Sources */ = {isa = PBXBuildFile; fileRef = 100000000000000000000004 /* GameSession.swift */; };
		100000000000000000000105 /* TriviaQuestion.swift in Sources */ = {isa = PBXBuildFile; fileRef = 100000000000000000000005 /* TriviaQuestion.swift */; };
		100000000000000000000106 /* TapFrenzyVM.swift in Sources */ = {isa = PBXBuildFile; fileRef = 100000000000000000000006 /* TapFrenzyVM.swift */; };
		100000000000000000000107 /* LightItUpVM.swift in Sources */ = {isa = PBXBuildFile; fileRef = 100000000000000000000007 /* LightItUpVM.swift */; };
		100000000000000000000108 /* QuizRushVM.swift in Sources */ = {isa = PBXBuildFile; fileRef = 100000000000000000000008 /* QuizRushVM.swift */; };
		100000000000000000000109 /* StatsVM.swift in Sources */ = {isa = PBXBuildFile; fileRef = 100000000000000000000009 /* StatsVM.swift */; };
		100000000000000000000110 /* TriviaAPI.swift in Sources */ = {isa = PBXBuildFile; fileRef = 100000000000000000000010 /* TriviaAPI.swift */; };
		100000000000000000000111 /* NotificationService.swift in Sources */ = {isa = PBXBuildFile; fileRef = 100000000000000000000011 /* NotificationService.swift */; };
		100000000000000000000112 /* LocationService.swift in Sources */ = {isa = PBXBuildFile; fileRef = 100000000000000000000012 /* LocationService.swift */; };
		100000000000000000000113 /* HomeTab.swift in Sources */ = {isa = PBXBuildFile; fileRef = 100000000000000000000013 /* HomeTab.swift */; };
		100000000000000000000114 /* StatsTab.swift in Sources */ = {isa = PBXBuildFile; fileRef = 100000000000000000000014 /* StatsTab.swift */; };
		100000000000000000000115 /* MapTab.swift in Sources */ = {isa = PBXBuildFile; fileRef = 100000000000000000000015 /* MapTab.swift */; };
		100000000000000000000116 /* SettingsTab.swift in Sources */ = {isa = PBXBuildFile; fileRef = 100000000000000000000016 /* SettingsTab.swift */; };
		100000000000000000000117 /* TapFrenzyView.swift in Sources */ = {isa = PBXBuildFile; fileRef = 100000000000000000000017 /* TapFrenzyView.swift */; };
		100000000000000000000118 /* LightItUpView.swift in Sources */ = {isa = PBXBuildFile; fileRef = 100000000000000000000018 /* LightItUpView.swift */; };
		100000000000000000000119 /* QuizRushView.swift in Sources */ = {isa = PBXBuildFile; fileRef = 100000000000000000000019 /* QuizRushView.swift */; };
		100000000000000000000120 /* ResultView.swift in Sources */ = {isa = PBXBuildFile; fileRef = 100000000000000000000020 /* ResultView.swift */; };
		100000000000000000000121 /* ScoreBadge.swift in Sources */ = {isa = PBXBuildFile; fileRef = 100000000000000000000021 /* ScoreBadge.swift */; };
/* End PBXBuildFile section */

/* Begin PBXFileReference section */
		100000000000000000000001 /* PlayHubApp.swift */ = {isa = PBXFileReference; lastKnownFileType = sourcecode.swift; path = PlayHubApp.swift; sourceTree = "<group>"; };
		100000000000000000000002 /* RootTabView.swift */ = {isa = PBXFileReference; lastKnownFileType = sourcecode.swift; path = RootTabView.swift; sourceTree = "<group>"; };
		100000000000000000000003 /* GameMode.swift */ = {isa = PBXFileReference; lastKnownFileType = sourcecode.swift; path = GameMode.swift; sourceTree = "<group>"; };
		100000000000000000000004 /* GameSession.swift */ = {isa = PBXFileReference; lastKnownFileType = sourcecode.swift; path = GameSession.swift; sourceTree = "<group>"; };
		100000000000000000000005 /* TriviaQuestion.swift */ = {isa = PBXFileReference; lastKnownFileType = sourcecode.swift; path = TriviaQuestion.swift; sourceTree = "<group>"; };
		100000000000000000000006 /* TapFrenzyVM.swift */ = {isa = PBXFileReference; lastKnownFileType = sourcecode.swift; path = TapFrenzyVM.swift; sourceTree = "<group>"; };
		100000000000000000000007 /* LightItUpVM.swift */ = {isa = PBXFileReference; lastKnownFileType = sourcecode.swift; path = LightItUpVM.swift; sourceTree = "<group>"; };
		100000000000000000000008 /* QuizRushVM.swift */ = {isa = PBXFileReference; lastKnownFileType = sourcecode.swift; path = QuizRushVM.swift; sourceTree = "<group>"; };
		100000000000000000000009 /* StatsVM.swift */ = {isa = PBXFileReference; lastKnownFileType = sourcecode.swift; path = StatsVM.swift; sourceTree = "<group>"; };
		100000000000000000000010 /* TriviaAPI.swift */ = {isa = PBXFileReference; lastKnownFileType = sourcecode.swift; path = TriviaAPI.swift; sourceTree = "<group>"; };
		100000000000000000000011 /* NotificationService.swift */ = {isa = PBXFileReference; lastKnownFileType = sourcecode.swift; path = NotificationService.swift; sourceTree = "<group>"; };
		100000000000000000000012 /* LocationService.swift */ = {isa = PBXFileReference; lastKnownFileType = sourcecode.swift; path = LocationService.swift; sourceTree = "<group>"; };
		100000000000000000000013 /* HomeTab.swift */ = {isa = PBXFileReference; lastKnownFileType = sourcecode.swift; path = HomeTab.swift; sourceTree = "<group>"; };
		100000000000000000000014 /* StatsTab.swift */ = {isa = PBXFileReference; lastKnownFileType = sourcecode.swift; path = StatsTab.swift; sourceTree = "<group>"; };
		100000000000000000000015 /* MapTab.swift */ = {isa = PBXFileReference; lastKnownFileType = sourcecode.swift; path = MapTab.swift; sourceTree = "<group>"; };
		100000000000000000000016 /* SettingsTab.swift */ = {isa = PBXFileReference; lastKnownFileType = sourcecode.swift; path = SettingsTab.swift; sourceTree = "<group>"; };
		100000000000000000000017 /* TapFrenzyView.swift */ = {isa = PBXFileReference; lastKnownFileType = sourcecode.swift; path = TapFrenzyView.swift; sourceTree = "<group>"; };
		100000000000000000000018 /* LightItUpView.swift */ = {isa = PBXFileReference; lastKnownFileType = sourcecode.swift; path = LightItUpView.swift; sourceTree = "<group>"; };
		100000000000000000000019 /* QuizRushView.swift */ = {isa = PBXFileReference; lastKnownFileType = sourcecode.swift; path = QuizRushView.swift; sourceTree = "<group>"; };
		100000000000000000000020 /* ResultView.swift */ = {isa = PBXFileReference; lastKnownFileType = sourcecode.swift; path = ResultView.swift; sourceTree = "<group>"; };
		100000000000000000000021 /* ScoreBadge.swift */ = {isa = PBXFileReference; lastKnownFileType = sourcecode.swift; path = ScoreBadge.swift; sourceTree = "<group>"; };
		100000000000000000000022 /* Info.plist */ = {isa = PBXFileReference; lastKnownFileType = text.plist.xml; path = Info.plist; sourceTree = "<group>"; };
		100000000000000000000023 /* PlayHub.app */ = {isa = PBXFileReference; explicitFileType = wrapper.application; includeInIndex = 0; path = PlayHub.app; sourceTree = BUILT_PRODUCTS_DIR; };
/* End PBXFileReference section */

/* Begin PBXFrameworksBuildPhase section */
		100000000000000000000201 /* Frameworks */ = {
			isa = PBXFrameworksBuildPhase;
			buildActionMask = 2147483647;
			files = (
			);
			runOnlyForDeploymentPostprocessing = 0;
		};
/* End PBXFrameworksBuildPhase section */

/* Begin PBXGroup section */
		100000000000000000000301 = {
			isa = PBXGroup;
			children = (
				100000000000000000000302 /* PlayHubApp */,
				100000000000000000000312 /* Products */,
			);
			sourceTree = "<group>";
		};
		100000000000000000000302 /* PlayHubApp */ = {
			isa = PBXGroup;
			children = (
				100000000000000000000303 /* App */,
				100000000000000000000304 /* Models */,
				100000000000000000000305 /* ViewModels */,
				100000000000000000000306 /* Services */,
				100000000000000000000307 /* Views */,
				100000000000000000000022 /* Info.plist */,
			);
			path = PlayHubApp;
			sourceTree = "<group>";
		};
		100000000000000000000303 /* App */ = {
			isa = PBXGroup;
			children = (
				100000000000000000000001 /* PlayHubApp.swift */,
				100000000000000000000002 /* RootTabView.swift */,
			);
			path = App;
			sourceTree = "<group>";
		};
		100000000000000000000304 /* Models */ = {
			isa = PBXGroup;
			children = (
				100000000000000000000003 /* GameMode.swift */,
				100000000000000000000004 /* GameSession.swift */,
				100000000000000000000005 /* TriviaQuestion.swift */,
			);
			path = Models;
			sourceTree = "<group>";
		};
		100000000000000000000305 /* ViewModels */ = {
			isa = PBXGroup;
			children = (
				100000000000000000000006 /* TapFrenzyVM.swift */,
				100000000000000000000007 /* LightItUpVM.swift */,
				100000000000000000000008 /* QuizRushVM.swift */,
				100000000000000000000009 /* StatsVM.swift */,
			);
			path = ViewModels;
			sourceTree = "<group>";
		};
		100000000000000000000306 /* Services */ = {
			isa = PBXGroup;
			children = (
				100000000000000000000010 /* TriviaAPI.swift */,
				100000000000000000000011 /* NotificationService.swift */,
				100000000000000000000012 /* LocationService.swift */,
			);
			path = Services;
			sourceTree = "<group>";
		};
		100000000000000000000307 /* Views */ = {
			isa = PBXGroup;
			children = (
				100000000000000000000308 /* Tabs */,
				100000000000000000000309 /* Games */,
				100000000000000000000310 /* Shared */,
			);
			path = Views;
			sourceTree = "<group>";
		};
		100000000000000000000308 /* Tabs */ = {
			isa = PBXGroup;
			children = (
				100000000000000000000013 /* HomeTab.swift */,
				100000000000000000000014 /* StatsTab.swift */,
				100000000000000000000015 /* MapTab.swift */,
				100000000000000000000016 /* SettingsTab.swift */,
			);
			path = Tabs;
			sourceTree = "<group>";
		};
		100000000000000000000309 /* Games */ = {
			isa = PBXGroup;
			children = (
				100000000000000000000017 /* TapFrenzyView.swift */,
				100000000000000000000018 /* LightItUpView.swift */,
				100000000000000000000019 /* QuizRushView.swift */,
			);
			path = Games;
			sourceTree = "<group>";
		};
		100000000000000000000310 /* Shared */ = {
			isa = PBXGroup;
			children = (
				100000000000000000000020 /* ResultView.swift */,
				100000000000000000000021 /* ScoreBadge.swift */,
			);
			path = Shared;
			sourceTree = "<group>";
		};
		100000000000000000000312 /* Products */ = {
			isa = PBXGroup;
			children = (
				100000000000000000000023 /* PlayHub.app */,
			);
			name = Products;
			sourceTree = "<group>";
		};
/* End PBXGroup section */

/* Begin PBXNativeTarget section */
		100000000000000000000401 /* PlayHub */ = {
			isa = PBXNativeTarget;
			buildConfigurationList = 100000000000000000000701 /* Build configuration list for PBXNativeTarget "PlayHub" */;
			buildPhases = (
				100000000000000000000501 /* Sources */,
				100000000000000000000201 /* Frameworks */,
			);
			buildRules = (
			);
			dependencies = (
			);
			name = PlayHub;
			productName = PlayHub;
			productReference = 100000000000000000000023 /* PlayHub.app */;
			productType = "com.apple.product-type.application";
		};
/* End PBXNativeTarget section */

/* Begin PBXProject section */
		100000000000000000000601 /* Project object */ = {
			isa = PBXProject;
			attributes = {
				BuildIndependentTargetsInParallel = 1;
				LastSwiftUpdateCheck = 1600;
				LastUpgradeCheck = 1600;
				TargetAttributes = {
					100000000000000000000401 = {
						CreatedOnToolsVersion = 16.0;
					};
				};
			};
			buildConfigurationList = 100000000000000000000700 /* Build configuration list for PBXProject "PlayHubApp" */;
			compatibilityVersion = "Xcode 14.0";
			developmentRegion = en;
			hasScannedForEncodings = 0;
			knownRegions = (
				en,
				Base,
			);
			mainGroup = 100000000000000000000301;
			productRefGroup = 100000000000000000000312 /* Products */;
			projectDirPath = "";
			projectRoot = "";
			targets = (
				100000000000000000000401 /* PlayHub */,
			);
		};
/* End PBXProject section */

/* Begin PBXSourcesBuildPhase section */
		100000000000000000000501 /* Sources */ = {
			isa = PBXSourcesBuildPhase;
			buildActionMask = 2147483647;
			files = (
				100000000000000000000101 /* PlayHubApp.swift in Sources */,
				100000000000000000000102 /* RootTabView.swift in Sources */,
				100000000000000000000103 /* GameMode.swift in Sources */,
				100000000000000000000104 /* GameSession.swift in Sources */,
				100000000000000000000105 /* TriviaQuestion.swift in Sources */,
				100000000000000000000106 /* TapFrenzyVM.swift in Sources */,
				100000000000000000000107 /* LightItUpVM.swift in Sources */,
				100000000000000000000108 /* QuizRushVM.swift in Sources */,
				100000000000000000000109 /* StatsVM.swift in Sources */,
				100000000000000000000110 /* TriviaAPI.swift in Sources */,
				100000000000000000000111 /* NotificationService.swift in Sources */,
				100000000000000000000112 /* LocationService.swift in Sources */,
				100000000000000000000113 /* HomeTab.swift in Sources */,
				100000000000000000000114 /* StatsTab.swift in Sources */,
				100000000000000000000115 /* MapTab.swift in Sources */,
				100000000000000000000116 /* SettingsTab.swift in Sources */,
				100000000000000000000117 /* TapFrenzyView.swift in Sources */,
				100000000000000000000118 /* LightItUpView.swift in Sources */,
				100000000000000000000119 /* QuizRushView.swift in Sources */,
				100000000000000000000120 /* ResultView.swift in Sources */,
				100000000000000000000121 /* ScoreBadge.swift in Sources */,
			);
			runOnlyForDeploymentPostprocessing = 0;
		};
/* End PBXSourcesBuildPhase section */

/* Begin XCBuildConfiguration section */
		100000000000000000000801 /* Debug */ = {
			isa = XCBuildConfiguration;
			buildSettings = {
				ALWAYS_SEARCH_USER_PATHS = NO;
				CLANG_ANALYZER_NONNULL = YES;
				CLANG_ANALYZER_NUMBER_OBJECT_CONVERSION = YES_AGGRESSIVE;
				CLANG_CXX_LANGUAGE_STANDARD = "gnu++20";
				CLANG_ENABLE_MODULES = YES;
				CLANG_ENABLE_OBJC_ARC = YES;
				CLANG_ENABLE_OBJC_WEAK = YES;
				CLANG_WARN_BLOCK_CAPTURE_AUTORELEASING = YES;
				CLANG_WARN_BOOL_CONVERSION = YES;
				CLANG_WARN_COMMA = YES;
				CLANG_WARN_CONSTANT_CONVERSION = YES;
				CLANG_WARN_DEPRECATED_OBJC_IMPLEMENTATIONS = YES;
				CLANG_WARN_DIRECT_OBJC_ISA_USAGE = YES_ERROR;
				CLANG_WARN_DOCUMENTATION_COMMENTS = YES;
				CLANG_WARN_EMPTY_BODY = YES;
				CLANG_WARN_ENUM_CONVERSION = YES;
				CLANG_WARN_INFINITE_RECURSION = YES;
				CLANG_WARN_INT_CONVERSION = YES;
				CLANG_WARN_NON_LITERAL_NULL_CONVERSION = YES;
				CLANG_WARN_OBJC_IMPLICIT_RETAIN_SELF = YES;
				CLANG_WARN_OBJC_LITERAL_CONVERSION = YES;
				CLANG_WARN_OBJC_ROOT_CLASS = YES_ERROR;
				CLANG_WARN_QUOTED_INCLUDE_IN_FRAMEWORK_HEADER = YES;
				CLANG_WARN_RANGE_LOOP_ANALYSIS = YES;
				CLANG_WARN_STRICT_PROTOTYPES = YES;
				CLANG_WARN_SUSPICIOUS_MOVE = YES;
				COPY_PHASE_STRIP = NO;
				DEBUG_INFORMATION_FORMAT = dwarf;
				ENABLE_STRICT_OBJC_MSGSEND = YES;
				ENABLE_TESTABILITY = YES;
				ENABLE_USER_SCRIPT_SANDBOXING = YES;
				GCC_C_LANGUAGE_STANDARD = gnu17;
				GCC_DYNAMIC_NO_PIC = NO;
				GCC_NO_COMMON_BLOCKS = YES;
				GCC_OPTIMIZATION_LEVEL = 0;
				GCC_PREPROCESSOR_DEFINITIONS = (
					"DEBUG=1",
					"$(inherited)",
				);
				GCC_WARN_64_TO_32_BIT_CONVERSION = YES;
				GCC_WARN_ABOUT_RETURN_TYPE = YES_ERROR;
				GCC_WARN_UNDECLARED_SELECTOR = YES;
				GCC_WARN_UNINITIALIZED_AUTOS = YES_AGGRESSIVE;
				GCC_WARN_UNUSED_FUNCTION = YES;
				GCC_WARN_UNUSED_VARIABLE = YES;
				IPHONEOS_DEPLOYMENT_TARGET = 17.0;
				MTL_ENABLE_DEBUG_INFO = INCLUDE_SOURCE;
				MTL_FAST_MATH = YES;
				ONLY_ACTIVE_ARCH = YES;
				SDKROOT = iphoneos;
				SWIFT_ACTIVE_COMPILATION_CONDITIONS = DEBUG;
				SWIFT_OPTIMIZATION_LEVEL = "-Onone";
			};
			name = Debug;
		};
		100000000000000000000802 /* Release */ = {
			isa = XCBuildConfiguration;
			buildSettings = {
				ALWAYS_SEARCH_USER_PATHS = NO;
				CLANG_ANALYZER_NONNULL = YES;
				CLANG_ANALYZER_NUMBER_OBJECT_CONVERSION = YES_AGGRESSIVE;
				CLANG_CXX_LANGUAGE_STANDARD = "gnu++20";
				CLANG_ENABLE_MODULES = YES;
				CLANG_ENABLE_OBJC_ARC = YES;
				CLANG_ENABLE_OBJC_WEAK = YES;
				CLANG_WARN_BLOCK_CAPTURE_AUTORELEASING = YES;
				CLANG_WARN_BOOL_CONVERSION = YES;
				CLANG_WARN_COMMA = YES;
				CLANG_WARN_CONSTANT_CONVERSION = YES;
				CLANG_WARN_DEPRECATED_OBJC_IMPLEMENTATIONS = YES;
				CLANG_WARN_DIRECT_OBJC_ISA_USAGE = YES_ERROR;
				CLANG_WARN_DOCUMENTATION_COMMENTS = YES;
				CLANG_WARN_EMPTY_BODY = YES;
				CLANG_WARN_ENUM_CONVERSION = YES;
				CLANG_WARN_INFINITE_RECURSION = YES;
				CLANG_WARN_INT_CONVERSION = YES;
				CLANG_WARN_NON_LITERAL_NULL_CONVERSION = YES;
				CLANG_WARN_OBJC_IMPLICIT_RETAIN_SELF = YES;
				CLANG_WARN_OBJC_LITERAL_CONVERSION = YES;
				CLANG_WARN_OBJC_ROOT_CLASS = YES_ERROR;
				CLANG_WARN_QUOTED_INCLUDE_IN_FRAMEWORK_HEADER = YES;
				CLANG_WARN_RANGE_LOOP_ANALYSIS = YES;
				CLANG_WARN_STRICT_PROTOTYPES = YES;
				CLANG_WARN_SUSPICIOUS_MOVE = YES;
				COPY_PHASE_STRIP = NO;
				DEBUG_INFORMATION_FORMAT = "dwarf-with-dsym";
				ENABLE_NS_ASSERTIONS = NO;
				ENABLE_STRICT_OBJC_MSGSEND = YES;
				ENABLE_USER_SCRIPT_SANDBOXING = YES;
				GCC_C_LANGUAGE_STANDARD = gnu17;
				GCC_NO_COMMON_BLOCKS = YES;
				GCC_WARN_64_TO_32_BIT_CONVERSION = YES;
				GCC_WARN_ABOUT_RETURN_TYPE = YES_ERROR;
				GCC_WARN_UNDECLARED_SELECTOR = YES;
				GCC_WARN_UNINITIALIZED_AUTOS = YES_AGGRESSIVE;
				GCC_WARN_UNUSED_FUNCTION = YES;
				GCC_WARN_UNUSED_VARIABLE = YES;
				IPHONEOS_DEPLOYMENT_TARGET = 17.0;
				MTL_ENABLE_DEBUG_INFO = NO;
				MTL_FAST_MATH = YES;
				SDKROOT = iphoneos;
				SWIFT_COMPILATION_MODE = wholemodule;
				VALIDATE_PRODUCT = YES;
			};
			name = Release;
		};
		100000000000000000000803 /* Debug */ = {
			isa = XCBuildConfiguration;
			buildSettings = {
				ASSETCATALOG_COMPILER_APPICON_NAME = "";
				CODE_SIGN_STYLE = Automatic;
				CURRENT_PROJECT_VERSION = 1;
				DEVELOPMENT_ASSET_PATHS = "";
				DEVELOPMENT_TEAM = GBBU2JZCAZ;
				GENERATE_INFOPLIST_FILE = NO;
				INFOPLIST_FILE = PlayHubApp/Info.plist;
				IPHONEOS_DEPLOYMENT_TARGET = 17.0;
				LD_RUNPATH_SEARCH_PATHS = (
					"$(inherited)",
					"@executable_path/Frameworks",
				);
				MARKETING_VERSION = 1.0;
				PRODUCT_BUNDLE_IDENTIFIER = com.example.PlayHub;
				PRODUCT_NAME = PlayHub;
				SWIFT_EMIT_LOC_STRINGS = YES;
				SWIFT_VERSION = 5.0;
				TARGETED_DEVICE_FAMILY = "1,2";
			};
			name = Debug;
		};
		100000000000000000000804 /* Release */ = {
			isa = XCBuildConfiguration;
			buildSettings = {
				ASSETCATALOG_COMPILER_APPICON_NAME = "";
				CODE_SIGN_STYLE = Automatic;
				CURRENT_PROJECT_VERSION = 1;
				DEVELOPMENT_ASSET_PATHS = "";
				DEVELOPMENT_TEAM = GBBU2JZCAZ;
				GENERATE_INFOPLIST_FILE = NO;
				INFOPLIST_FILE = PlayHubApp/Info.plist;
				IPHONEOS_DEPLOYMENT_TARGET = 17.0;
				LD_RUNPATH_SEARCH_PATHS = (
					"$(inherited)",
					"@executable_path/Frameworks",
				);
				MARKETING_VERSION = 1.0;
				PRODUCT_BUNDLE_IDENTIFIER = com.example.PlayHub;
				PRODUCT_NAME = PlayHub;
				SWIFT_EMIT_LOC_STRINGS = YES;
				SWIFT_VERSION = 5.0;
				TARGETED_DEVICE_FAMILY = "1,2";
			};
			name = Release;
		};
/* End XCBuildConfiguration section */

/* Begin XCConfigurationList section */
		100000000000000000000700 /* Build configuration list for PBXProject "PlayHubApp" */ = {
			isa = XCConfigurationList;
			buildConfigurations = (
				100000000000000000000801 /* Debug */,
				100000000000000000000802 /* Release */,
			);
			defaultConfigurationIsVisible = 0;
			defaultConfigurationName = Release;
		};
		100000000000000000000701 /* Build configuration list for PBXNativeTarget "PlayHub" */ = {
			isa = XCConfigurationList;
			buildConfigurations = (
				100000000000000000000803 /* Debug */,
				100000000000000000000804 /* Release */,
			);
			defaultConfigurationIsVisible = 0;
			defaultConfigurationName = Release;
		};
/* End XCConfigurationList section */
	};
	rootObject = 100000000000000000000601 /* Project object */;
}
